<Solution>
  <Project Path="src/DongTaErp.ApiGateway/DongTaErp.ApiGateway.csproj" Id="e8145f13-00a6-4bc7-88d0-c5898c48c1a4" />
  <Project Path="src/DongTaErp.AppHost/DongTaErp.AppHost.AppHost/DongTaErp.AppHost.AppHost.csproj" />
  <Project Path="src/DongTaErp.AppHost/DongTaErp.AppHost.ServiceDefaults/DongTaErp.AppHost.ServiceDefaults.csproj" />
  <Project Path="src/DongTaErp.Application/DongTaErp.Application.csproj" />
  <Project Path="src/DongTaErp.Domain/DongTaErp.Domain.csproj" />
  <Project Path="src/DongTaErp.Infrastructure/DongTaErp.Infrastructure.csproj" />
  <Project Path="src/DongTaErp.Web/DongTaErp.Web.csproj" />
</Solution>
